
Microsoft Visual Studio Solution File, Format Version 12.00
# Visual Studio Version 16
VisualStudioVersion = 16.0.29613.14
MinimumVisualStudioVersion = 10.0.40219.1
Project("{FAE04EC0-301F-11D3-BF4B-00C04F79EFBC}") = "ModbusClientX", "ModbusClientX\ModbusClientX.csproj", "{F7C0FEBB-41C3-4DCE-8E60-3A6C443D5026}"
EndProject
Global
	GlobalSection(SolutionConfigurationPlatforms) = preSolution
		Debug|Any CPU = Debug|Any CPU
		Release|Any CPU = Release|Any CPU
	EndGlobalSection
	GlobalSection(ProjectConfigurationPlatforms) = postSolution
		{F7C0FEBB-41C3-4DCE-8E60-3A6C443D5026}.Debug|Any CPU.ActiveCfg = Debug|Any CPU
		{F7C0FEBB-41C3-4DCE-8E60-3A6C443D5026}.Debug|Any CPU.Build.0 = Debug|Any CPU
		{F7C0FEBB-41C3-4DCE-8E60-3A6C443D5026}.Release|Any CPU.ActiveCfg = Release|Any CPU
		{F7C0FEBB-41C3-4DCE-8E60-3A6C443D5026}.Release|Any CPU.Build.0 = Release|Any CPU
	EndGlobalSection
	GlobalSection(SolutionProperties) = preSolution
		HideSolutionNode = FALSE
	EndGlobalSection
	GlobalSection(ExtensibilityGlobals) = postSolution
		SolutionGuid = {C1CA3A52-AA8A-4EE2-9212-27D5833A19BD}
	EndGlobalSection
EndGlobal
